// !$*UTF8*$!
{
	archiveVersion = 1;
	classes = {
	};
	objectVersion = 46;
	objects = {

/* Begin PBXBuildFile section */
		31E89B2F6B59B6ECE6DB78B6 /* NSValue+AGQuadTest.m in Sources */ = {isa = PBXBuildFile; fileRef = 31E8960B798331CBD9554CFF /* NSValue+AGQuadTest.m */; };
		A30B0C4116CE859500856E00 /* AGPoint.m in Sources */ = {isa = PBXBuildFile; fileRef = A30B0C4016CE859400856E00 /* AGPoint.m */; };
		A30B0C4216CE859500856E00 /* AGPoint.m in Sources */ = {isa = PBXBuildFile; fileRef = A30B0C4016CE859400856E00 /* AGPoint.m */; };
		A30B0C4516CE8DCD00856E00 /* CALayer+AGQuad.m in Sources */ = {isa = PBXBuildFile; fileRef = A30B0C4416CE8DCD00856E00 /* CALayer+AGQuad.m */; };
		A30B0C4616CE8DCD00856E00 /* CALayer+AGQuad.m in Sources */ = {isa = PBXBuildFile; fileRef = A30B0C4416CE8DCD00856E00 /* CALayer+AGQuad.m */; };
		A30B0C4816CE8F3900856E00 /* AGQuadTest.m in Sources */ = {isa = PBXBuildFile; fileRef = A30B0C4716CE8F3900856E00 /* AGQuadTest.m */; };
		A30B0C4916CE932700856E00 /* QuartzCore.framework in Frameworks */ = {isa = PBXBuildFile; fileRef = A333A60A16A9A6F000E334AD /* QuartzCore.framework */; };
		A30B0C4B16CE932D00856E00 /* CoreGraphics.framework in Frameworks */ = {isa = PBXBuildFile; fileRef = A333A59816A9A3BD00E334AD /* CoreGraphics.framework */; };
		A30B0C4E16D2229700856E00 /* CAAnimationBlockDelegate.m in Sources */ = {isa = PBXBuildFile; fileRef = A30B0C4D16D2229600856E00 /* CAAnimationBlockDelegate.m */; };
		A30B0C4F16D2229700856E00 /* CAAnimationBlockDelegate.m in Sources */ = {isa = PBXBuildFile; fileRef = A30B0C4D16D2229600856E00 /* CAAnimationBlockDelegate.m */; };
		A3270F1216D5128200A92C03 /* CGGeometry+ExtraTest.m in Sources */ = {isa = PBXBuildFile; fileRef = A333A5F216A9A59200E334AD /* CGGeometry+ExtraTest.m */; };
		A3270F1516D5272500A92C03 /* AGLine.m in Sources */ = {isa = PBXBuildFile; fileRef = A3270F1416D5272500A92C03 /* AGLine.m */; };
		A3270F1616D5272500A92C03 /* AGLine.m in Sources */ = {isa = PBXBuildFile; fileRef = A3270F1416D5272500A92C03 /* AGLine.m */; };
		A3270F1716D551E200A92C03 /* AGMathTest.m in Sources */ = {isa = PBXBuildFile; fileRef = A333A60716A9A5A300E334AD /* AGMathTest.m */; };
		A3270F1F16D5642C00A92C03 /* AGCorner.m in Sources */ = {isa = PBXBuildFile; fileRef = A3270F1E16D5642C00A92C03 /* AGCorner.m */; };
		A3270F2016D5642C00A92C03 /* AGCorner.m in Sources */ = {isa = PBXBuildFile; fileRef = A3270F1E16D5642C00A92C03 /* AGCorner.m */; };
		A3270F2416D564D600A92C03 /* NSValue+AGQuad.m in Sources */ = {isa = PBXBuildFile; fileRef = A3270F2316D564D600A92C03 /* NSValue+AGQuad.m */; };
		A3270F2516D564D600A92C03 /* NSValue+AGQuad.m in Sources */ = {isa = PBXBuildFile; fileRef = A3270F2316D564D600A92C03 /* NSValue+AGQuad.m */; };
		A3270F3B16D5675800A92C03 /* AGAppDelegate.m in Sources */ = {isa = PBXBuildFile; fileRef = A3270F2816D5675800A92C03 /* AGAppDelegate.m */; };
		A3270F3C16D5675800A92C03 /* AGAppDelegate.m in Sources */ = {isa = PBXBuildFile; fileRef = A3270F2816D5675800A92C03 /* AGAppDelegate.m */; };
		A3270F3F16D5675800A92C03 /* AGQuadSample.m in Sources */ = {isa = PBXBuildFile; fileRef = A3270F2C16D5675800A92C03 /* AGQuadSample.m */; };
		A3270F4016D5675800A92C03 /* AGQuadSample.m in Sources */ = {isa = PBXBuildFile; fileRef = A3270F2C16D5675800A92C03 /* AGQuadSample.m */; };
		A3270F4116D5675800A92C03 /* AGQuadSample.xib in Resources */ = {isa = PBXBuildFile; fileRef = A3270F2D16D5675800A92C03 /* AGQuadSample.xib */; };
		A3270F4216D5675800A92C03 /* AGQuadSample.xib in Resources */ = {isa = PBXBuildFile; fileRef = A3270F2D16D5675800A92C03 /* AGQuadSample.xib */; };
		A3270F4316D5675800A92C03 /* Default-568h@2x.png in Resources */ = {isa = PBXBuildFile; fileRef = A3270F2E16D5675800A92C03 /* Default-568h@2x.png */; };
		A3270F4416D5675800A92C03 /* Default-568h@2x.png in Resources */ = {isa = PBXBuildFile; fileRef = A3270F2E16D5675800A92C03 /* Default-568h@2x.png */; };
		A3270F4516D5675800A92C03 /* Default.png in Resources */ = {isa = PBXBuildFile; fileRef = A3270F2F16D5675800A92C03 /* Default.png */; };
		A3270F4616D5675800A92C03 /* Default.png in Resources */ = {isa = PBXBuildFile; fileRef = A3270F2F16D5675800A92C03 /* Default.png */; };
		A3270F4716D5675800A92C03 /* Default@2x.png in Resources */ = {isa = PBXBuildFile; fileRef = A3270F3016D5675800A92C03 /* Default@2x.png */; };
		A3270F4816D5675800A92C03 /* Default@2x.png in Resources */ = {isa = PBXBuildFile; fileRef = A3270F3016D5675800A92C03 /* Default@2x.png */; };
		A3270F4916D5675800A92C03 /* InfoPlist.strings in Resources */ = {isa = PBXBuildFile; fileRef = A3270F3116D5675800A92C03 /* InfoPlist.strings */; };
		A3270F4A16D5675800A92C03 /* InfoPlist.strings in Resources */ = {isa = PBXBuildFile; fileRef = A3270F3116D5675800A92C03 /* InfoPlist.strings */; };
		A3270F4B16D5675800A92C03 /* main.m in Sources */ = {isa = PBXBuildFile; fileRef = A3270F3316D5675800A92C03 /* main.m */; };
		A3270F4C16D5675800A92C03 /* main.m in Sources */ = {isa = PBXBuildFile; fileRef = A3270F3316D5675800A92C03 /* main.m */; };
		A3270F4D16D5675800A92C03 /* sampleimg.jpg in Resources */ = {isa = PBXBuildFile; fileRef = A3270F3416D5675800A92C03 /* sampleimg.jpg */; };
		A3270F4E16D5675800A92C03 /* sampleimg.jpg in Resources */ = {isa = PBXBuildFile; fileRef = A3270F3416D5675800A92C03 /* sampleimg.jpg */; };
		A3270F5216D5675800A92C03 /* AGQuadTests.m in Sources */ = {isa = PBXBuildFile; fileRef = A3270F3816D5675800A92C03 /* AGQuadTests.m */; };
		A3270F5316D5675800A92C03 /* InfoPlist.strings in Resources */ = {isa = PBXBuildFile; fileRef = A3270F3916D5675800A92C03 /* InfoPlist.strings */; };
		A3270F5416D5675800A92C03 /* InfoPlist.strings in Resources */ = {isa = PBXBuildFile; fileRef = A3270F3916D5675800A92C03 /* InfoPlist.strings */; };
		A333A59516A9A3BD00E334AD /* UIKit.framework in Frameworks */ = {isa = PBXBuildFile; fileRef = A333A59416A9A3BD00E334AD /* UIKit.framework */; };
		A333A59716A9A3BD00E334AD /* Foundation.framework in Frameworks */ = {isa = PBXBuildFile; fileRef = A333A59616A9A3BD00E334AD /* Foundation.framework */; };
		A333A59916A9A3BD00E334AD /* CoreGraphics.framework in Frameworks */ = {isa = PBXBuildFile; fileRef = A333A59816A9A3BD00E334AD /* CoreGraphics.framework */; };
		A333A5BF16A9A3BD00E334AD /* SenTestingKit.framework in Frameworks */ = {isa = PBXBuildFile; fileRef = A333A5BE16A9A3BD00E334AD /* SenTestingKit.framework */; };
		A333A5C016A9A3BD00E334AD /* UIKit.framework in Frameworks */ = {isa = PBXBuildFile; fileRef = A333A59416A9A3BD00E334AD /* UIKit.framework */; };
		A333A5C116A9A3BD00E334AD /* Foundation.framework in Frameworks */ = {isa = PBXBuildFile; fileRef = A333A59616A9A3BD00E334AD /* Foundation.framework */; };
		A333A5FB16A9A59200E334AD /* CGGeometry+Extra.m in Sources */ = {isa = PBXBuildFile; fileRef = A333A5F116A9A59200E334AD /* CGGeometry+Extra.m */; };
		A333A5FC16A9A59200E334AD /* CGGeometry+Extra.m in Sources */ = {isa = PBXBuildFile; fileRef = A333A5F116A9A59200E334AD /* CGGeometry+Extra.m */; };
		A333A5FF16A9A59200E334AD /* AGMath.m in Sources */ = {isa = PBXBuildFile; fileRef = A333A5F416A9A59200E334AD /* AGMath.m */; };
		A333A60016A9A59200E334AD /* AGMath.m in Sources */ = {isa = PBXBuildFile; fileRef = A333A5F416A9A59200E334AD /* AGMath.m */; };
		A333A60116A9A59200E334AD /* AGQuad.m in Sources */ = {isa = PBXBuildFile; fileRef = A333A5F616A9A59200E334AD /* AGQuad.m */; };
		A333A60216A9A59200E334AD /* AGQuad.m in Sources */ = {isa = PBXBuildFile; fileRef = A333A5F616A9A59200E334AD /* AGQuad.m */; };
		A333A60316A9A59200E334AD /* CALayer+Extensions.m in Sources */ = {isa = PBXBuildFile; fileRef = A333A5F816A9A59200E334AD /* CALayer+Extensions.m */; };
		A333A60416A9A59200E334AD /* CALayer+Extensions.m in Sources */ = {isa = PBXBuildFile; fileRef = A333A5F816A9A59200E334AD /* CALayer+Extensions.m */; };
		A333A60B16A9A6F000E334AD /* QuartzCore.framework in Frameworks */ = {isa = PBXBuildFile; fileRef = A333A60A16A9A6F000E334AD /* QuartzCore.framework */; };
		A3467567184DEB7900AD34EC /* AGVector3D.m in Sources */ = {isa = PBXBuildFile; fileRef = A3467565184DEB7900AD34EC /* AGVector3D.m */; };
		A3467568184DEB7900AD34EC /* AGVector3D.m in Sources */ = {isa = PBXBuildFile; fileRef = A3467565184DEB7900AD34EC /* AGVector3D.m */; };
		A346756A184DEB7900AD34EC /* AGVector3DTest.m in Sources */ = {isa = PBXBuildFile; fileRef = A3467566184DEB7900AD34EC /* AGVector3DTest.m */; };
		A346756D184DEC0B00AD34EC /* AGPoint3D.m in Sources */ = {isa = PBXBuildFile; fileRef = A346756C184DEC0B00AD34EC /* AGPoint3D.m */; };
		A346756E184DEC0B00AD34EC /* AGPoint3D.m in Sources */ = {isa = PBXBuildFile; fileRef = A346756C184DEC0B00AD34EC /* AGPoint3D.m */; };
		A3762F301728067A00E7A2AB /* AGQuadControlsSample.m in Sources */ = {isa = PBXBuildFile; fileRef = A3762F2E1728067900E7A2AB /* AGQuadControlsSample.m */; };
		A3762F311728067A00E7A2AB /* AGQuadControlsSample.m in Sources */ = {isa = PBXBuildFile; fileRef = A3762F2E1728067900E7A2AB /* AGQuadControlsSample.m */; };
		A3762F321728067A00E7A2AB /* AGQuadControlsSample.xib in Resources */ = {isa = PBXBuildFile; fileRef = A3762F2F1728067A00E7A2AB /* AGQuadControlsSample.xib */; };
		A3762F331728067A00E7A2AB /* AGQuadControlsSample.xib in Resources */ = {isa = PBXBuildFile; fileRef = A3762F2F1728067A00E7A2AB /* AGQuadControlsSample.xib */; };
		A3762F351728138C00E7A2AB /* controlpoint.png in Resources */ = {isa = PBXBuildFile; fileRef = A3762F341728138C00E7A2AB /* controlpoint.png */; };
		A3762F361728138C00E7A2AB /* controlpoint.png in Resources */ = {isa = PBXBuildFile; fileRef = A3762F341728138C00E7A2AB /* controlpoint.png */; };
		A3762F38172813CE00E7A2AB /* controlpoint_h.png in Resources */ = {isa = PBXBuildFile; fileRef = A3762F37172813CD00E7A2AB /* controlpoint_h.png */; };
		A3762F39172813CE00E7A2AB /* controlpoint_h.png in Resources */ = {isa = PBXBuildFile; fileRef = A3762F37172813CD00E7A2AB /* controlpoint_h.png */; };
		A3762F4017285C4200E7A2AB /* UIImage+CATransform3D.m in Sources */ = {isa = PBXBuildFile; fileRef = A3762F3F17285C4100E7A2AB /* UIImage+CATransform3D.m */; };
		A3762F4117285C4200E7A2AB /* UIImage+CATransform3D.m in Sources */ = {isa = PBXBuildFile; fileRef = A3762F3F17285C4100E7A2AB /* UIImage+CATransform3D.m */; };
		A3762F4417285C8100E7A2AB /* CGImageRef+CATransform3D.m in Sources */ = {isa = PBXBuildFile; fileRef = A3762F4317285C8000E7A2AB /* CGImageRef+CATransform3D.m */; };
		A3762F4517285C8100E7A2AB /* CGImageRef+CATransform3D.m in Sources */ = {isa = PBXBuildFile; fileRef = A3762F4317285C8000E7A2AB /* CGImageRef+CATransform3D.m */; };
		A3762F4817285D3600E7A2AB /* AGTransformPixelMapper.m in Sources */ = {isa = PBXBuildFile; fileRef = A3762F4717285D3400E7A2AB /* AGTransformPixelMapper.m */; };
		A3762F4917285D3600E7A2AB /* AGTransformPixelMapper.m in Sources */ = {isa = PBXBuildFile; fileRef = A3762F4717285D3400E7A2AB /* AGTransformPixelMapper.m */; };
		A3762F5417287EB400E7A2AB /* crop_sample.png in Resources */ = {isa = PBXBuildFile; fileRef = A3762F5117287EB400E7A2AB /* crop_sample.png */; };
		A3762F5517287EB400E7A2AB /* crop_sample.png in Resources */ = {isa = PBXBuildFile; fileRef = A3762F5117287EB400E7A2AB /* crop_sample.png */; };
		A3762F59172885FE00E7A2AB /* AGRenderingSample.m in Sources */ = {isa = PBXBuildFile; fileRef = A3762F57172885FC00E7A2AB /* AGRenderingSample.m */; };
		A3762F5A172885FE00E7A2AB /* AGRenderingSample.m in Sources */ = {isa = PBXBuildFile; fileRef = A3762F57172885FC00E7A2AB /* AGRenderingSample.m */; };
		A3762F5B172885FE00E7A2AB /* AGRenderingSample.xib in Resources */ = {isa = PBXBuildFile; fileRef = A3762F58172885FD00E7A2AB /* AGRenderingSample.xib */; };
		A3762F5C172885FE00E7A2AB /* AGRenderingSample.xib in Resources */ = {isa = PBXBuildFile; fileRef = A3762F58172885FD00E7A2AB /* AGRenderingSample.xib */; };
		A3762F64172890E400E7A2AB /* tabbar_icon.png in Resources */ = {isa = PBXBuildFile; fileRef = A3762F63172890E300E7A2AB /* tabbar_icon.png */; };
		A3762F65172890E400E7A2AB /* tabbar_icon.png in Resources */ = {isa = PBXBuildFile; fileRef = A3762F63172890E300E7A2AB /* tabbar_icon.png */; };
		A3762F671728914700E7A2AB /* AGGeometryKitApplication.xib in Resources */ = {isa = PBXBuildFile; fileRef = A3762F661728914500E7A2AB /* AGGeometryKitApplication.xib */; };
		A3762F681728914700E7A2AB /* AGGeometryKitApplication.xib in Resources */ = {isa = PBXBuildFile; fileRef = A3762F661728914500E7A2AB /* AGGeometryKitApplication.xib */; };
		A3762FB4172932B200E7A2AB /* sampleimg_enhanced.jpg in Resources */ = {isa = PBXBuildFile; fileRef = A3762FB3172932B100E7A2AB /* sampleimg_enhanced.jpg */; };
		A3762FB5172932B200E7A2AB /* sampleimg_enhanced.jpg in Resources */ = {isa = PBXBuildFile; fileRef = A3762FB3172932B100E7A2AB /* sampleimg_enhanced.jpg */; };
		A384023916D56829000C698B /* AGCornerTest.m in Sources */ = {isa = PBXBuildFile; fileRef = A384023816D56829000C698B /* AGCornerTest.m */; };
		A384023C16D568C2000C698B /* UIView+FrameExtra.m in Sources */ = {isa = PBXBuildFile; fileRef = A384023B16D568C2000C698B /* UIView+FrameExtra.m */; };
		A384023D16D568C2000C698B /* UIView+FrameExtra.m in Sources */ = {isa = PBXBuildFile; fileRef = A384023B16D568C2000C698B /* UIView+FrameExtra.m */; };
		A39DA67E172984E9005B84D3 /* arrow.png in Resources */ = {isa = PBXBuildFile; fileRef = A39DA67C172984E9005B84D3 /* arrow.png */; };
		A39DA67F172984E9005B84D3 /* arrow.png in Resources */ = {isa = PBXBuildFile; fileRef = A39DA67C172984E9005B84D3 /* arrow.png */; };
		A39DA680172984E9005B84D3 /* arrow@2x.png in Resources */ = {isa = PBXBuildFile; fileRef = A39DA67D172984E9005B84D3 /* arrow@2x.png */; };
		A39DA681172984E9005B84D3 /* arrow@2x.png in Resources */ = {isa = PBXBuildFile; fileRef = A39DA67D172984E9005B84D3 /* arrow@2x.png */; };
		A3EE526916EDEE83007706C6 /* easing.c in Sources */ = {isa = PBXBuildFile; fileRef = A3EE526716EDEE83007706C6 /* easing.c */; };
		A3EE526A16EDEE83007706C6 /* easing.c in Sources */ = {isa = PBXBuildFile; fileRef = A3EE526716EDEE83007706C6 /* easing.c */; };
		A3EE526F16F07479007706C6 /* AGAngleConverterSample.m in Sources */ = {isa = PBXBuildFile; fileRef = A3EE526D16F07479007706C6 /* AGAngleConverterSample.m */; };
		A3EE527016F07479007706C6 /* AGAngleConverterSample.m in Sources */ = {isa = PBXBuildFile; fileRef = A3EE526D16F07479007706C6 /* AGAngleConverterSample.m */; };
		A3EE527116F07479007706C6 /* AGAngleConverterSample.xib in Resources */ = {isa = PBXBuildFile; fileRef = A3EE526E16F07479007706C6 /* AGAngleConverterSample.xib */; };
		A3EE527216F07479007706C6 /* AGAngleConverterSample.xib in Resources */ = {isa = PBXBuildFile; fileRef = A3EE526E16F07479007706C6 /* AGAngleConverterSample.xib */; };
		A3EE52BF16F1C5C6007706C6 /* UIView+AngleConverter.m in Sources */ = {isa = PBXBuildFile; fileRef = A3EE52BE16F1C5C6007706C6 /* UIView+AngleConverter.m */; };
		A3EE52C016F1C5C6007706C6 /* UIView+AngleConverter.m in Sources */ = {isa = PBXBuildFile; fileRef = A3EE52BE16F1C5C6007706C6 /* UIView+AngleConverter.m */; };
		A3EE52C216F1E02A007706C6 /* UIView+FrameExtraTest.m in Sources */ = {isa = PBXBuildFile; fileRef = A3EE52C116F1E029007706C6 /* UIView+FrameExtraTest.m */; };
		A3EE52C416F1E543007706C6 /* UIView+AngleConverterTest.m in Sources */ = {isa = PBXBuildFile; fileRef = A3EE52C316F1E542007706C6 /* UIView+AngleConverterTest.m */; };
		A3EE52C716F3980C007706C6 /* CATransform3D+Extra.m in Sources */ = {isa = PBXBuildFile; fileRef = A3EE52C616F3980B007706C6 /* CATransform3D+Extra.m */; };
		A3EE52C816F3980C007706C6 /* CATransform3D+Extra.m in Sources */ = {isa = PBXBuildFile; fileRef = A3EE52C616F3980B007706C6 /* CATransform3D+Extra.m */; };
		A3EE52CB16F72973007706C6 /* UIImage+AGQuad.m in Sources */ = {isa = PBXBuildFile; fileRef = A3EE52CA16F72973007706C6 /* UIImage+AGQuad.m */; };
		A3EE52CC16F72973007706C6 /* UIImage+AGQuad.m in Sources */ = {isa = PBXBuildFile; fileRef = A3EE52CA16F72973007706C6 /* UIImage+AGQuad.m */; };
		A3F77D3B16FA3AC700415B24 /* UIBezierPath+AGQuad.m in Sources */ = {isa = PBXBuildFile; fileRef = A3F77D3A16FA3AC700415B24 /* UIBezierPath+AGQuad.m */; };
		A3F77D3C16FA3AC700415B24 /* UIBezierPath+AGQuad.m in Sources */ = {isa = PBXBuildFile; fileRef = A3F77D3A16FA3AC700415B24 /* UIBezierPath+AGQuad.m */; };
		A3F77D3F16FA54C400415B24 /* JAValueToString.m in Sources */ = {isa = PBXBuildFile; fileRef = A3F77D3E16FA54C300415B24 /* JAValueToString.m */; };
		A3F77D4016FA54C400415B24 /* JAValueToString.m in Sources */ = {isa = PBXBuildFile; fileRef = A3F77D3E16FA54C300415B24 /* JAValueToString.m */; };
/* End PBXBuildFile section */

/* Begin PBXContainerItemProxy section */
		A333A5C216A9A3BD00E334AD /* PBXContainerItemProxy */ = {
			isa = PBXContainerItemProxy;
			containerPortal = A333A58716A9A3BD00E334AD /* Project object */;
			proxyType = 1;
			remoteGlobalIDString = A333A58F16A9A3BD00E334AD;
			remoteInfo = AGQuadrilateral;
		};
/* End PBXContainerItemProxy section */

/* Begin PBXFileReference section */
		31E8960B798331CBD9554CFF /* NSValue+AGQuadTest.m */ = {isa = PBXFileReference; fileEncoding = 4; lastKnownFileType = sourcecode.c.objc; path = "NSValue+AGQuadTest.m"; sourceTree = "<group>"; };
		A30B0C3F16CE859400856E00 /* AGPoint.h */ = {isa = PBXFileReference; fileEncoding = 4; lastKnownFileType = sourcecode.c.h; path = AGPoint.h; sourceTree = "<group>"; };
		A30B0C4016CE859400856E00 /* AGPoint.m */ = {isa = PBXFileReference; fileEncoding = 4; lastKnownFileType = sourcecode.c.objc; path = AGPoint.m; sourceTree = "<group>"; };
		A30B0C4316CE8DCD00856E00 /* CALayer+AGQuad.h */ = {isa = PBXFileReference; fileEncoding = 4; lastKnownFileType = sourcecode.c.h; path = "CALayer+AGQuad.h"; sourceTree = "<group>"; };
		A30B0C4416CE8DCD00856E00 /* CALayer+AGQuad.m */ = {isa = PBXFileReference; fileEncoding = 4; lastKnownFileType = sourcecode.c.objc; path = "CALayer+AGQuad.m"; sourceTree = "<group>"; };
		A30B0C4716CE8F3900856E00 /* AGQuadTest.m */ = {isa = PBXFileReference; fileEncoding = 4; lastKnownFileType = sourcecode.c.objc; path = AGQuadTest.m; sourceTree = "<group>"; };
		A30B0C4C16D2229600856E00 /* CAAnimationBlockDelegate.h */ = {isa = PBXFileReference; fileEncoding = 4; lastKnownFileType = sourcecode.c.h; path = CAAnimationBlockDelegate.h; sourceTree = "<group>"; };
		A30B0C4D16D2229600856E00 /* CAAnimationBlockDelegate.m */ = {isa = PBXFileReference; fileEncoding = 4; lastKnownFileType = sourcecode.c.objc; path = CAAnimationBlockDelegate.m; sourceTree = "<group>"; };
		A3270F1316D5272500A92C03 /* AGLine.h */ = {isa = PBXFileReference; fileEncoding = 4; lastKnownFileType = sourcecode.c.h; path = AGLine.h; sourceTree = "<group>"; };
		A3270F1416D5272500A92C03 /* AGLine.m */ = {isa = PBXFileReference; fileEncoding = 4; lastKnownFileType = sourcecode.c.objc; path = AGLine.m; sourceTree = "<group>"; };
		A3270F1D16D5642C00A92C03 /* AGCorner.h */ = {isa = PBXFileReference; fileEncoding = 4; lastKnownFileType = sourcecode.c.h; path = AGCorner.h; sourceTree = "<group>"; };
		A3270F1E16D5642C00A92C03 /* AGCorner.m */ = {isa = PBXFileReference; fileEncoding = 4; lastKnownFileType = sourcecode.c.objc; path = AGCorner.m; sourceTree = "<group>"; };
		A3270F2116D5643800A92C03 /* AGGeometryKit.h */ = {isa = PBXFileReference; fileEncoding = 4; lastKnownFileType = sourcecode.c.h; path = AGGeometryKit.h; sourceTree = "<group>"; };
		A3270F2216D564D600A92C03 /* NSValue+AGQuad.h */ = {isa = PBXFileReference; fileEncoding = 4; lastKnownFileType = sourcecode.c.h; path = "NSValue+AGQuad.h"; sourceTree = "<group>"; };
		A3270F2316D564D600A92C03 /* NSValue+AGQuad.m */ = {isa = PBXFileReference; fileEncoding = 4; lastKnownFileType = sourcecode.c.objc; path = "NSValue+AGQuad.m"; sourceTree = "<group>"; };
		A3270F2716D5675800A92C03 /* AGAppDelegate.h */ = {isa = PBXFileReference; fileEncoding = 4; lastKnownFileType = sourcecode.c.h; path = AGAppDelegate.h; sourceTree = "<group>"; };
		A3270F2816D5675800A92C03 /* AGAppDelegate.m */ = {isa = PBXFileReference; fileEncoding = 4; lastKnownFileType = sourcecode.c.objc; path = AGAppDelegate.m; sourceTree = "<group>"; };
		A3270F2916D5675800A92C03 /* AGGeometryKit-Info.plist */ = {isa = PBXFileReference; fileEncoding = 4; lastKnownFileType = text.plist.xml; path = "AGGeometryKit-Info.plist"; sourceTree = "<group>"; };
		A3270F2A16D5675800A92C03 /* AGGeometryKit-Prefix.pch */ = {isa = PBXFileReference; fileEncoding = 4; lastKnownFileType = sourcecode.c.h; path = "AGGeometryKit-Prefix.pch"; sourceTree = "<group>"; };
		A3270F2B16D5675800A92C03 /* AGQuadSample.h */ = {isa = PBXFileReference; fileEncoding = 4; lastKnownFileType = sourcecode.c.h; path = AGQuadSample.h; sourceTree = "<group>"; };
		A3270F2C16D5675800A92C03 /* AGQuadSample.m */ = {isa = PBXFileReference; fileEncoding = 4; lastKnownFileType = sourcecode.c.objc; path = AGQuadSample.m; sourceTree = "<group>"; };
		A3270F2D16D5675800A92C03 /* AGQuadSample.xib */ = {isa = PBXFileReference; fileEncoding = 4; lastKnownFileType = file.xib; path = AGQuadSample.xib; sourceTree = "<group>"; };
		A3270F2E16D5675800A92C03 /* Default-568h@2x.png */ = {isa = PBXFileReference; lastKnownFileType = image.png; path = "Default-568h@2x.png"; sourceTree = "<group>"; };
		A3270F2F16D5675800A92C03 /* Default.png */ = {isa = PBXFileReference; lastKnownFileType = image.png; path = Default.png; sourceTree = "<group>"; };
		A3270F3016D5675800A92C03 /* Default@2x.png */ = {isa = PBXFileReference; lastKnownFileType = image.png; path = "Default@2x.png"; sourceTree = "<group>"; };
		A3270F3216D5675800A92C03 /* en */ = {isa = PBXFileReference; lastKnownFileType = text.plist.strings; name = en; path = en.lproj/InfoPlist.strings; sourceTree = "<group>"; };
		A3270F3316D5675800A92C03 /* main.m */ = {isa = PBXFileReference; fileEncoding = 4; lastKnownFileType = sourcecode.c.objc; path = main.m; sourceTree = "<group>"; };
		A3270F3416D5675800A92C03 /* sampleimg.jpg */ = {isa = PBXFileReference; lastKnownFileType = image.jpeg; path = sampleimg.jpg; sourceTree = "<group>"; };
		A3270F3616D5675800A92C03 /* AGGeometryKitTests-Info.plist */ = {isa = PBXFileReference; fileEncoding = 4; lastKnownFileType = text.plist.xml; path = "AGGeometryKitTests-Info.plist"; sourceTree = "<group>"; };
		A3270F3716D5675800A92C03 /* AGQuadTests.h */ = {isa = PBXFileReference; fileEncoding = 4; lastKnownFileType = sourcecode.c.h; path = AGQuadTests.h; sourceTree = "<group>"; };
		A3270F3816D5675800A92C03 /* AGQuadTests.m */ = {isa = PBXFileReference; fileEncoding = 4; lastKnownFileType = sourcecode.c.objc; path = AGQuadTests.m; sourceTree = "<group>"; };
		A3270F3A16D5675800A92C03 /* en */ = {isa = PBXFileReference; lastKnownFileType = text.plist.strings; name = en; path = en.lproj/InfoPlist.strings; sourceTree = "<group>"; };
		A333A59016A9A3BD00E334AD /* AGGeometryKit.app */ = {isa = PBXFileReference; explicitFileType = wrapper.application; includeInIndex = 0; path = AGGeometryKit.app; sourceTree = BUILT_PRODUCTS_DIR; };
		A333A59416A9A3BD00E334AD /* UIKit.framework */ = {isa = PBXFileReference; lastKnownFileType = wrapper.framework; name = UIKit.framework; path = System/Library/Frameworks/UIKit.framework; sourceTree = SDKROOT; };
		A333A59616A9A3BD00E334AD /* Foundation.framework */ = {isa = PBXFileReference; lastKnownFileType = wrapper.framework; name = Foundation.framework; path = System/Library/Frameworks/Foundation.framework; sourceTree = SDKROOT; };
		A333A59816A9A3BD00E334AD /* CoreGraphics.framework */ = {isa = PBXFileReference; lastKnownFileType = wrapper.framework; name = CoreGraphics.framework; path = System/Library/Frameworks/CoreGraphics.framework; sourceTree = SDKROOT; };
		A333A5BD16A9A3BD00E334AD /* AGGeometryKitTests.octest */ = {isa = PBXFileReference; explicitFileType = wrapper.cfbundle; includeInIndex = 0; path = AGGeometryKitTests.octest; sourceTree = BUILT_PRODUCTS_DIR; };
		A333A5BE16A9A3BD00E334AD /* SenTestingKit.framework */ = {isa = PBXFileReference; lastKnownFileType = wrapper.framework; name = SenTestingKit.framework; path = Library/Frameworks/SenTestingKit.framework; sourceTree = DEVELOPER_DIR; };
		A333A5F016A9A59200E334AD /* CGGeometry+Extra.h */ = {isa = PBXFileReference; fileEncoding = 4; lastKnownFileType = sourcecode.c.h; path = "CGGeometry+Extra.h"; sourceTree = "<group>"; };
		A333A5F116A9A59200E334AD /* CGGeometry+Extra.m */ = {isa = PBXFileReference; fileEncoding = 4; lastKnownFileType = sourcecode.c.objc; path = "CGGeometry+Extra.m"; sourceTree = "<group>"; };
		A333A5F216A9A59200E334AD /* CGGeometry+ExtraTest.m */ = {isa = PBXFileReference; fileEncoding = 4; lastKnownFileType = sourcecode.c.objc; path = "CGGeometry+ExtraTest.m"; sourceTree = "<group>"; };
		A333A5F316A9A59200E334AD /* AGMath.h */ = {isa = PBXFileReference; fileEncoding = 4; lastKnownFileType = sourcecode.c.h; path = AGMath.h; sourceTree = "<group>"; };
		A333A5F416A9A59200E334AD /* AGMath.m */ = {isa = PBXFileReference; fileEncoding = 4; lastKnownFileType = sourcecode.c.objc; path = AGMath.m; sourceTree = "<group>"; };
		A333A5F516A9A59200E334AD /* AGQuad.h */ = {isa = PBXFileReference; fileEncoding = 4; lastKnownFileType = sourcecode.c.h; path = AGQuad.h; sourceTree = "<group>"; };
		A333A5F616A9A59200E334AD /* AGQuad.m */ = {isa = PBXFileReference; fileEncoding = 4; lastKnownFileType = sourcecode.c.objc; path = AGQuad.m; sourceTree = "<group>"; };
		A333A5F716A9A59200E334AD /* CALayer+Extensions.h */ = {isa = PBXFileReference; fileEncoding = 4; lastKnownFileType = sourcecode.c.h; path = "CALayer+Extensions.h"; sourceTree = "<group>"; };
		A333A5F816A9A59200E334AD /* CALayer+Extensions.m */ = {isa = PBXFileReference; fileEncoding = 4; lastKnownFileType = sourcecode.c.objc; path = "CALayer+Extensions.m"; sourceTree = "<group>"; };
		A333A60716A9A5A300E334AD /* AGMathTest.m */ = {isa = PBXFileReference; fileEncoding = 4; lastKnownFileType = sourcecode.c.objc; path = AGMathTest.m; sourceTree = "<group>"; };
		A333A60A16A9A6F000E334AD /* QuartzCore.framework */ = {isa = PBXFileReference; lastKnownFileType = wrapper.framework; name = QuartzCore.framework; path = System/Library/Frameworks/QuartzCore.framework; sourceTree = SDKROOT; };
		A3467564184DEB7900AD34EC /* AGVector3D.h */ = {isa = PBXFileReference; fileEncoding = 4; lastKnownFileType = sourcecode.c.h; path = AGVector3D.h; sourceTree = "<group>"; };
		A3467565184DEB7900AD34EC /* AGVector3D.m */ = {isa = PBXFileReference; fileEncoding = 4; lastKnownFileType = sourcecode.c.objc; path = AGVector3D.m; sourceTree = "<group>"; };
		A3467566184DEB7900AD34EC /* AGVector3DTest.m */ = {isa = PBXFileReference; fileEncoding = 4; lastKnownFileType = sourcecode.c.objc; path = AGVector3DTest.m; sourceTree = "<group>"; };
		A346756B184DEC0B00AD34EC /* AGPoint3D.h */ = {isa = PBXFileReference; fileEncoding = 4; lastKnownFileType = sourcecode.c.h; path = AGPoint3D.h; sourceTree = "<group>"; };
		A346756C184DEC0B00AD34EC /* AGPoint3D.m */ = {isa = PBXFileReference; fileEncoding = 4; lastKnownFileType = sourcecode.c.objc; path = AGPoint3D.m; sourceTree = "<group>"; };
		A3762F2D1728067900E7A2AB /* AGQuadControlsSample.h */ = {isa = PBXFileReference; fileEncoding = 4; lastKnownFileType = sourcecode.c.h; path = AGQuadControlsSample.h; sourceTree = "<group>"; };
		A3762F2E1728067900E7A2AB /* AGQuadControlsSample.m */ = {isa = PBXFileReference; fileEncoding = 4; lastKnownFileType = sourcecode.c.objc; path = AGQuadControlsSample.m; sourceTree = "<group>"; };
		A3762F2F1728067A00E7A2AB /* AGQuadControlsSample.xib */ = {isa = PBXFileReference; fileEncoding = 4; lastKnownFileType = file.xib; path = AGQuadControlsSample.xib; sourceTree = "<group>"; };
		A3762F341728138C00E7A2AB /* controlpoint.png */ = {isa = PBXFileReference; lastKnownFileType = image.png; path = controlpoint.png; sourceTree = "<group>"; };
		A3762F37172813CD00E7A2AB /* controlpoint_h.png */ = {isa = PBXFileReference; lastKnownFileType = image.png; path = controlpoint_h.png; sourceTree = "<group>"; };
		A3762F3E17285C4100E7A2AB /* UIImage+CATransform3D.h */ = {isa = PBXFileReference; fileEncoding = 4; lastKnownFileType = sourcecode.c.h; path = "UIImage+CATransform3D.h"; sourceTree = "<group>"; };
		A3762F3F17285C4100E7A2AB /* UIImage+CATransform3D.m */ = {isa = PBXFileReference; fileEncoding = 4; lastKnownFileType = sourcecode.c.objc; path = "UIImage+CATransform3D.m"; sourceTree = "<group>"; };
		A3762F4217285C7F00E7A2AB /* CGImageRef+CATransform3D.h */ = {isa = PBXFileReference; fileEncoding = 4; lastKnownFileType = sourcecode.c.h; path = "CGImageRef+CATransform3D.h"; sourceTree = "<group>"; };
		A3762F4317285C8000E7A2AB /* CGImageRef+CATransform3D.m */ = {isa = PBXFileReference; fileEncoding = 4; lastKnownFileType = sourcecode.c.objc; path = "CGImageRef+CATransform3D.m"; sourceTree = "<group>"; };
		A3762F4617285D3400E7A2AB /* AGTransformPixelMapper.h */ = {isa = PBXFileReference; fileEncoding = 4; lastKnownFileType = sourcecode.c.h; path = AGTransformPixelMapper.h; sourceTree = "<group>"; };
		A3762F4717285D3400E7A2AB /* AGTransformPixelMapper.m */ = {isa = PBXFileReference; fileEncoding = 4; lastKnownFileType = sourcecode.c.objc; path = AGTransformPixelMapper.m; sourceTree = "<group>"; };
		A3762F5117287EB400E7A2AB /* crop_sample.png */ = {isa = PBXFileReference; lastKnownFileType = image.png; path = crop_sample.png; sourceTree = "<group>"; };
		A3762F56172885FB00E7A2AB /* AGRenderingSample.h */ = {isa = PBXFileReference; fileEncoding = 4; lastKnownFileType = sourcecode.c.h; path = AGRenderingSample.h; sourceTree = "<group>"; };
		A3762F57172885FC00E7A2AB /* AGRenderingSample.m */ = {isa = PBXFileReference; fileEncoding = 4; lastKnownFileType = sourcecode.c.objc; path = AGRenderingSample.m; sourceTree = "<group>"; };
		A3762F58172885FD00E7A2AB /* AGRenderingSample.xib */ = {isa = PBXFileReference; fileEncoding = 4; lastKnownFileType = file.xib; path = AGRenderingSample.xib; sourceTree = "<group>"; };
		A3762F63172890E300E7A2AB /* tabbar_icon.png */ = {isa = PBXFileReference; lastKnownFileType = image.png; path = tabbar_icon.png; sourceTree = "<group>"; };
		A3762F661728914500E7A2AB /* AGGeometryKitApplication.xib */ = {isa = PBXFileReference; fileEncoding = 4; lastKnownFileType = file.xib; path = AGGeometryKitApplication.xib; sourceTree = "<group>"; };
		A3762FB3172932B100E7A2AB /* sampleimg_enhanced.jpg */ = {isa = PBXFileReference; lastKnownFileType = image.jpeg; path = sampleimg_enhanced.jpg; sourceTree = "<group>"; };
		A384023816D56829000C698B /* AGCornerTest.m */ = {isa = PBXFileReference; fileEncoding = 4; lastKnownFileType = sourcecode.c.objc; path = AGCornerTest.m; sourceTree = "<group>"; };
		A384023A16D568C2000C698B /* UIView+FrameExtra.h */ = {isa = PBXFileReference; fileEncoding = 4; lastKnownFileType = sourcecode.c.h; path = "UIView+FrameExtra.h"; sourceTree = "<group>"; };
		A384023B16D568C2000C698B /* UIView+FrameExtra.m */ = {isa = PBXFileReference; fileEncoding = 4; lastKnownFileType = sourcecode.c.objc; path = "UIView+FrameExtra.m"; sourceTree = "<group>"; };
		A39DA67C172984E9005B84D3 /* arrow.png */ = {isa = PBXFileReference; lastKnownFileType = image.png; path = arrow.png; sourceTree = "<group>"; };
		A39DA67D172984E9005B84D3 /* arrow@2x.png */ = {isa = PBXFileReference; lastKnownFileType = image.png; path = "arrow@2x.png"; sourceTree = "<group>"; };
		A3BC981917D8A88B009B7495 /* AGGeometryKit.podspec */ = {isa = PBXFileReference; lastKnownFileType = text; name = AGGeometryKit.podspec; path = ../AGGeometryKit.podspec; sourceTree = "<group>"; };
		A3EE526716EDEE83007706C6 /* easing.c */ = {isa = PBXFileReference; fileEncoding = 4; lastKnownFileType = sourcecode.c.c; path = easing.c; sourceTree = "<group>"; };
		A3EE526816EDEE83007706C6 /* easing.h */ = {isa = PBXFileReference; fileEncoding = 4; lastKnownFileType = sourcecode.c.h; path = easing.h; sourceTree = "<group>"; };
		A3EE526B16EE63F6007706C6 /* AGQuadKit.h */ = {isa = PBXFileReference; lastKnownFileType = sourcecode.c.h; path = AGQuadKit.h; sourceTree = "<group>"; };
		A3EE526C16F07479007706C6 /* AGAngleConverterSample.h */ = {isa = PBXFileReference; fileEncoding = 4; lastKnownFileType = sourcecode.c.h; path = AGAngleConverterSample.h; sourceTree = "<group>"; };
		A3EE526D16F07479007706C6 /* AGAngleConverterSample.m */ = {isa = PBXFileReference; fileEncoding = 4; lastKnownFileType = sourcecode.c.objc; path = AGAngleConverterSample.m; sourceTree = "<group>"; };
		A3EE526E16F07479007706C6 /* AGAngleConverterSample.xib */ = {isa = PBXFileReference; fileEncoding = 4; lastKnownFileType = file.xib; path = AGAngleConverterSample.xib; sourceTree = "<group>"; };
		A3EE52BD16F1C5C6007706C6 /* UIView+AngleConverter.h */ = {isa = PBXFileReference; fileEncoding = 4; lastKnownFileType = sourcecode.c.h; path = "UIView+AngleConverter.h"; sourceTree = "<group>"; };
		A3EE52BE16F1C5C6007706C6 /* UIView+AngleConverter.m */ = {isa = PBXFileReference; fileEncoding = 4; lastKnownFileType = sourcecode.c.objc; path = "UIView+AngleConverter.m"; sourceTree = "<group>"; };
		A3EE52C116F1E029007706C6 /* UIView+FrameExtraTest.m */ = {isa = PBXFileReference; fileEncoding = 4; lastKnownFileType = sourcecode.c.objc; path = "UIView+FrameExtraTest.m"; sourceTree = "<group>"; };
		A3EE52C316F1E542007706C6 /* UIView+AngleConverterTest.m */ = {isa = PBXFileReference; fileEncoding = 4; lastKnownFileType = sourcecode.c.objc; path = "UIView+AngleConverterTest.m"; sourceTree = "<group>"; };
		A3EE52C516F3980A007706C6 /* CATransform3D+Extra.h */ = {isa = PBXFileReference; fileEncoding = 4; lastKnownFileType = sourcecode.c.h; path = "CATransform3D+Extra.h"; sourceTree = "<group>"; };
		A3EE52C616F3980B007706C6 /* CATransform3D+Extra.m */ = {isa = PBXFileReference; fileEncoding = 4; lastKnownFileType = sourcecode.c.objc; path = "CATransform3D+Extra.m"; sourceTree = "<group>"; };
		A3EE52C916F72973007706C6 /* UIImage+AGQuad.h */ = {isa = PBXFileReference; fileEncoding = 4; lastKnownFileType = sourcecode.c.h; path = "UIImage+AGQuad.h"; sourceTree = "<group>"; };
		A3EE52CA16F72973007706C6 /* UIImage+AGQuad.m */ = {isa = PBXFileReference; fileEncoding = 4; lastKnownFileType = sourcecode.c.objc; path = "UIImage+AGQuad.m"; sourceTree = "<group>"; };
		A3F77D3916FA3AC700415B24 /* UIBezierPath+AGQuad.h */ = {isa = PBXFileReference; fileEncoding = 4; lastKnownFileType = sourcecode.c.h; path = "UIBezierPath+AGQuad.h"; sourceTree = "<group>"; };
		A3F77D3A16FA3AC700415B24 /* UIBezierPath+AGQuad.m */ = {isa = PBXFileReference; fileEncoding = 4; lastKnownFileType = sourcecode.c.objc; path = "UIBezierPath+AGQuad.m"; sourceTree = "<group>"; };
		A3F77D3D16FA54C300415B24 /* JAValueToString.h */ = {isa = PBXFileReference; fileEncoding = 4; lastKnownFileType = sourcecode.c.h; path = JAValueToString.h; sourceTree = "<group>"; };
		A3F77D3E16FA54C300415B24 /* JAValueToString.m */ = {isa = PBXFileReference; fileEncoding = 4; lastKnownFileType = sourcecode.c.objc; path = JAValueToString.m; sourceTree = "<group>"; };
/* End PBXFileReference section */

/* Begin PBXFrameworksBuildPhase section */
		A333A58D16A9A3BD00E334AD /* Frameworks */ = {
			isa = PBXFrameworksBuildPhase;
			buildActionMask = 2147483647;
			files = (
				A333A60B16A9A6F000E334AD /* QuartzCore.framework in Frameworks */,
				A333A59516A9A3BD00E334AD /* UIKit.framework in Frameworks */,
				A333A59716A9A3BD00E334AD /* Foundation.framework in Frameworks */,
				A333A59916A9A3BD00E334AD /* CoreGraphics.framework in Frameworks */,
			);
			runOnlyForDeploymentPostprocessing = 0;
		};
		A333A5B916A9A3BD00E334AD /* Frameworks */ = {
			isa = PBXFrameworksBuildPhase;
			buildActionMask = 2147483647;
			files = (
				A333A5BF16A9A3BD00E334AD /* SenTestingKit.framework in Frameworks */,
				A333A5C016A9A3BD00E334AD /* UIKit.framework in Frameworks */,
				A333A5C116A9A3BD00E334AD /* Foundation.framework in Frameworks */,
				A30B0C4916CE932700856E00 /* QuartzCore.framework in Frameworks */,
				A30B0C4B16CE932D00856E00 /* CoreGraphics.framework in Frameworks */,
			);
			runOnlyForDeploymentPostprocessing = 0;
		};
/* End PBXFrameworksBuildPhase section */

/* Begin PBXGroup section */
		A3270F2616D5675800A92C03 /* AGGeometryKit */ = {
			isa = PBXGroup;
			children = (
				A3EA84071729898000AF716C /* Sample Controllers */,
				A3270F2716D5675800A92C03 /* AGAppDelegate.h */,
				A3270F2816D5675800A92C03 /* AGAppDelegate.m */,
				A3762F661728914500E7A2AB /* AGGeometryKitApplication.xib */,
				A3270F2916D5675800A92C03 /* AGGeometryKit-Info.plist */,
				A3270F2A16D5675800A92C03 /* AGGeometryKit-Prefix.pch */,
				A3270F2E16D5675800A92C03 /* Default-568h@2x.png */,
				A3270F2F16D5675800A92C03 /* Default.png */,
				A3270F3016D5675800A92C03 /* Default@2x.png */,
				A3270F3116D5675800A92C03 /* InfoPlist.strings */,
				A3270F3316D5675800A92C03 /* main.m */,
				A3762F341728138C00E7A2AB /* controlpoint.png */,
				A3762F37172813CD00E7A2AB /* controlpoint_h.png */,
				A3762F5117287EB400E7A2AB /* crop_sample.png */,
				A3270F3416D5675800A92C03 /* sampleimg.jpg */,
				A3762F63172890E300E7A2AB /* tabbar_icon.png */,
				A3762FB3172932B100E7A2AB /* sampleimg_enhanced.jpg */,
				A39DA67C172984E9005B84D3 /* arrow.png */,
				A39DA67D172984E9005B84D3 /* arrow@2x.png */,
				A3F77D3D16FA54C300415B24 /* JAValueToString.h */,
				A3F77D3E16FA54C300415B24 /* JAValueToString.m */,
				A3EE526716EDEE83007706C6 /* easing.c */,
				A3EE526816EDEE83007706C6 /* easing.h */,
			);
			path = AGGeometryKit;
			sourceTree = "<group>";
		};
		A3270F3516D5675800A92C03 /* AGGeometryKitTests */ = {
			isa = PBXGroup;
			children = (
				A3270F3616D5675800A92C03 /* AGGeometryKitTests-Info.plist */,
				A3270F3716D5675800A92C03 /* AGQuadTests.h */,
				A3270F3816D5675800A92C03 /* AGQuadTests.m */,
				A3270F3916D5675800A92C03 /* InfoPlist.strings */,
			);
			path = AGGeometryKitTests;
			sourceTree = "<group>";
		};
		A333A58516A9A3BD00E334AD = {
			isa = PBXGroup;
			children = (
				A333A5EF16A9A59200E334AD /* Source */,
				A3270F2616D5675800A92C03 /* AGGeometryKit */,
				A3270F3516D5675800A92C03 /* AGGeometryKitTests */,
				A333A59316A9A3BD00E334AD /* Frameworks */,
				A333A59116A9A3BD00E334AD /* Products */,
				A3BC981917D8A88B009B7495 /* AGGeometryKit.podspec */,
			);
			sourceTree = "<group>";
		};
		A333A59116A9A3BD00E334AD /* Products */ = {
			isa = PBXGroup;
			children = (
				A333A59016A9A3BD00E334AD /* AGGeometryKit.app */,
				A333A5BD16A9A3BD00E334AD /* AGGeometryKitTests.octest */,
			);
			name = Products;
			sourceTree = "<group>";
		};
		A333A59316A9A3BD00E334AD /* Frameworks */ = {
			isa = PBXGroup;
			children = (
				A333A60A16A9A6F000E334AD /* QuartzCore.framework */,
				A333A59416A9A3BD00E334AD /* UIKit.framework */,
				A333A59616A9A3BD00E334AD /* Foundation.framework */,
				A333A59816A9A3BD00E334AD /* CoreGraphics.framework */,
				A333A5BE16A9A3BD00E334AD /* SenTestingKit.framework */,
			);
			name = Frameworks;
			sourceTree = "<group>";
		};
		A333A5EF16A9A59200E334AD /* Source */ = {
			isa = PBXGroup;
			children = (
				A3270F2116D5643800A92C03 /* AGGeometryKit.h */,
				A3EE526B16EE63F6007706C6 /* AGQuadKit.h */,
				A3270F1D16D5642C00A92C03 /* AGCorner.h */,
				A3270F1E16D5642C00A92C03 /* AGCorner.m */,
				A384023816D56829000C698B /* AGCornerTest.m */,
				A333A5F016A9A59200E334AD /* CGGeometry+Extra.h */,
				A333A5F116A9A59200E334AD /* CGGeometry+Extra.m */,
				A333A5F216A9A59200E334AD /* CGGeometry+ExtraTest.m */,
				A3EE52C516F3980A007706C6 /* CATransform3D+Extra.h */,
				A3EE52C616F3980B007706C6 /* CATransform3D+Extra.m */,
				A333A5F316A9A59200E334AD /* AGMath.h */,
				A333A5F416A9A59200E334AD /* AGMath.m */,
				A333A60716A9A5A300E334AD /* AGMathTest.m */,
				A30B0C3F16CE859400856E00 /* AGPoint.h */,
				A30B0C4016CE859400856E00 /* AGPoint.m */,
				A3467564184DEB7900AD34EC /* AGVector3D.h */,
				A3467565184DEB7900AD34EC /* AGVector3D.m */,
				A3467566184DEB7900AD34EC /* AGVector3DTest.m */,
				A346756B184DEC0B00AD34EC /* AGPoint3D.h */,
				A346756C184DEC0B00AD34EC /* AGPoint3D.m */,
				A3270F1316D5272500A92C03 /* AGLine.h */,
				A3270F1416D5272500A92C03 /* AGLine.m */,
				A333A5F516A9A59200E334AD /* AGQuad.h */,
				A333A5F616A9A59200E334AD /* AGQuad.m */,
				A30B0C4716CE8F3900856E00 /* AGQuadTest.m */,
				A3270F2216D564D600A92C03 /* NSValue+AGQuad.h */,
				A3270F2316D564D600A92C03 /* NSValue+AGQuad.m */,
				A3F77D3916FA3AC700415B24 /* UIBezierPath+AGQuad.h */,
				A3F77D3A16FA3AC700415B24 /* UIBezierPath+AGQuad.m */,
				A3762F3E17285C4100E7A2AB /* UIImage+CATransform3D.h */,
				A3762F3F17285C4100E7A2AB /* UIImage+CATransform3D.m */,
				A3762F4217285C7F00E7A2AB /* CGImageRef+CATransform3D.h */,
				A3762F4317285C8000E7A2AB /* CGImageRef+CATransform3D.m */,
				A3762F4617285D3400E7A2AB /* AGTransformPixelMapper.h */,
				A3762F4717285D3400E7A2AB /* AGTransformPixelMapper.m */,
				A3EE52C916F72973007706C6 /* UIImage+AGQuad.h */,
				A3EE52CA16F72973007706C6 /* UIImage+AGQuad.m */,
				A30B0C4316CE8DCD00856E00 /* CALayer+AGQuad.h */,
				A30B0C4416CE8DCD00856E00 /* CALayer+AGQuad.m */,
				A333A5F716A9A59200E334AD /* CALayer+Extensions.h */,
				A333A5F816A9A59200E334AD /* CALayer+Extensions.m */,
				A384023A16D568C2000C698B /* UIView+FrameExtra.h */,
				A384023B16D568C2000C698B /* UIView+FrameExtra.m */,
				A3EE52C116F1E029007706C6 /* UIView+FrameExtraTest.m */,
				A30B0C4C16D2229600856E00 /* CAAnimationBlockDelegate.h */,
				A30B0C4D16D2229600856E00 /* CAAnimationBlockDelegate.m */,
				A3EE52BD16F1C5C6007706C6 /* UIView+AngleConverter.h */,
				A3EE52BE16F1C5C6007706C6 /* UIView+AngleConverter.m */,
				A3EE52C316F1E542007706C6 /* UIView+AngleConverterTest.m */,
				31E8960B798331CBD9554CFF /* NSValue+AGQuadTest.m */,
			);
			name = Source;
			path = ../Source;
			sourceTree = "<group>";
		};
		A3EA84071729898000AF716C /* Sample Controllers */ = {
			isa = PBXGroup;
			children = (
				A3270F2B16D5675800A92C03 /* AGQuadSample.h */,
				A3270F2C16D5675800A92C03 /* AGQuadSample.m */,
				A3270F2D16D5675800A92C03 /* AGQuadSample.xib */,
				A3762F2D1728067900E7A2AB /* AGQuadControlsSample.h */,
				A3762F2E1728067900E7A2AB /* AGQuadControlsSample.m */,
				A3762F2F1728067A00E7A2AB /* AGQuadControlsSample.xib */,
				A3762F56172885FB00E7A2AB /* AGRenderingSample.h */,
				A3762F57172885FC00E7A2AB /* AGRenderingSample.m */,
				A3762F58172885FD00E7A2AB /* AGRenderingSample.xib */,
				A3EE526C16F07479007706C6 /* AGAngleConverterSample.h */,
				A3EE526D16F07479007706C6 /* AGAngleConverterSample.m */,
				A3EE526E16F07479007706C6 /* AGAngleConverterSample.xib */,
			);
			name = "Sample Controllers";
			sourceTree = "<group>";
		};
/* End PBXGroup section */

/* Begin PBXNativeTarget section */
		A333A58F16A9A3BD00E334AD /* AGGeometryKit */ = {
			isa = PBXNativeTarget;
			buildConfigurationList = A333A5CF16A9A3BD00E334AD /* Build configuration list for PBXNativeTarget "AGGeometryKit" */;
			buildPhases = (
				A333A58C16A9A3BD00E334AD /* Sources */,
				A333A58D16A9A3BD00E334AD /* Frameworks */,
				A333A58E16A9A3BD00E334AD /* Resources */,
			);
			buildRules = (
			);
			dependencies = (
			);
			name = AGGeometryKit;
			productName = AGQuadrilateral;
			productReference = A333A59016A9A3BD00E334AD /* AGGeometryKit.app */;
			productType = "com.apple.product-type.application";
		};
		A333A5BC16A9A3BD00E334AD /* AGGeometryKitTests */ = {
			isa = PBXNativeTarget;
			buildConfigurationList = A333A5D216A9A3BD00E334AD /* Build configuration list for PBXNativeTarget "AGGeometryKitTests" */;
			buildPhases = (
				A333A5B816A9A3BD00E334AD /* Sources */,
				A333A5B916A9A3BD00E334AD /* Frameworks */,
				A333A5BA16A9A3BD00E334AD /* Resources */,
				A333A5BB16A9A3BD00E334AD /* ShellScript */,
			);
			buildRules = (
			);
			dependencies = (
				A333A5C316A9A3BD00E334AD /* PBXTargetDependency */,
			);
			name = AGGeometryKitTests;
			productName = AGQuadrilateralTests;
			productReference = A333A5BD16A9A3BD00E334AD /* AGGeometryKitTests.octest */;
			productType = "com.apple.product-type.bundle";
		};
/* End PBXNativeTarget section */

/* Begin PBXProject section */
		A333A58716A9A3BD00E334AD /* Project object */ = {
			isa = PBXProject;
			attributes = {
				CLASSPREFIX = AG;
				LastUpgradeCheck = 0450;
				ORGANIZATIONNAME = "Håvard Fossli";
			};
			buildConfigurationList = A333A58A16A9A3BD00E334AD /* Build configuration list for PBXProject "AGGeometryKit" */;
			compatibilityVersion = "Xcode 3.2";
			developmentRegion = English;
			hasScannedForEncodings = 0;
			knownRegions = (
				en,
			);
			mainGroup = A333A58516A9A3BD00E334AD;
			productRefGroup = A333A59116A9A3BD00E334AD /* Products */;
			projectDirPath = "";
			projectRoot = "";
			targets = (
				A333A58F16A9A3BD00E334AD /* AGGeometryKit */,
				A333A5BC16A9A3BD00E334AD /* AGGeometryKitTests */,
			);
		};
/* End PBXProject section */

/* Begin PBXResourcesBuildPhase section */
		A333A58E16A9A3BD00E334AD /* Resources */ = {
			isa = PBXResourcesBuildPhase;
			buildActionMask = 2147483647;
			files = (
				A3270F4116D5675800A92C03 /* AGQuadSample.xib in Resources */,
				A3270F4316D5675800A92C03 /* Default-568h@2x.png in Resources */,
				A3270F4516D5675800A92C03 /* Default.png in Resources */,
				A3270F4716D5675800A92C03 /* Default@2x.png in Resources */,
				A3270F4916D5675800A92C03 /* InfoPlist.strings in Resources */,
				A3270F4D16D5675800A92C03 /* sampleimg.jpg in Resources */,
				A3270F5316D5675800A92C03 /* InfoPlist.strings in Resources */,
				A3EE527116F07479007706C6 /* AGAngleConverterSample.xib in Resources */,
				A3762F321728067A00E7A2AB /* AGQuadControlsSample.xib in Resources */,
				A3762F351728138C00E7A2AB /* controlpoint.png in Resources */,
				A3762F38172813CE00E7A2AB /* controlpoint_h.png in Resources */,
				A3762F5417287EB400E7A2AB /* crop_sample.png in Resources */,
				A3762F5B172885FE00E7A2AB /* AGRenderingSample.xib in Resources */,
				A3762F64172890E400E7A2AB /* tabbar_icon.png in Resources */,
				A3762F671728914700E7A2AB /* AGGeometryKitApplication.xib in Resources */,
				A3762FB4172932B200E7A2AB /* sampleimg_enhanced.jpg in Resources */,
				A39DA67E172984E9005B84D3 /* arrow.png in Resources */,
				A39DA680172984E9005B84D3 /* arrow@2x.png in Resources */,
			);
			runOnlyForDeploymentPostprocessing = 0;
		};
		A333A5BA16A9A3BD00E334AD /* Resources */ = {
			isa = PBXResourcesBuildPhase;
			buildActionMask = 2147483647;
			files = (
				A3270F4216D5675800A92C03 /* AGQuadSample.xib in Resources */,
				A3270F4416D5675800A92C03 /* Default-568h@2x.png in Resources */,
				A3270F4616D5675800A92C03 /* Default.png in Resources */,
				A3270F4816D5675800A92C03 /* Default@2x.png in Resources */,
				A3270F4A16D5675800A92C03 /* InfoPlist.strings in Resources */,
				A3270F4E16D5675800A92C03 /* sampleimg.jpg in Resources */,
				A3270F5416D5675800A92C03 /* InfoPlist.strings in Resources */,
				A3EE527216F07479007706C6 /* AGAngleConverterSample.xib in Resources */,
				A3762F331728067A00E7A2AB /* AGQuadControlsSample.xib in Resources */,
				A3762F361728138C00E7A2AB /* controlpoint.png in Resources */,
				A3762F39172813CE00E7A2AB /* controlpoint_h.png in Resources */,
				A3762F5517287EB400E7A2AB /* crop_sample.png in Resources */,
				A3762F5C172885FE00E7A2AB /* AGRenderingSample.xib in Resources */,
				A3762F65172890E400E7A2AB /* tabbar_icon.png in Resources */,
				A3762F681728914700E7A2AB /* AGGeometryKitApplication.xib in Resources */,
				A3762FB5172932B200E7A2AB /* sampleimg_enhanced.jpg in Resources */,
				A39DA67F172984E9005B84D3 /* arrow.png in Resources */,
				A39DA681172984E9005B84D3 /* arrow@2x.png in Resources */,
			);
			runOnlyForDeploymentPostprocessing = 0;
		};
/* End PBXResourcesBuildPhase section */

/* Begin PBXShellScriptBuildPhase section */
		A333A5BB16A9A3BD00E334AD /* ShellScript */ = {
			isa = PBXShellScriptBuildPhase;
			buildActionMask = 2147483647;
			files = (
			);
			inputPaths = (
			);
			outputPaths = (
			);
			runOnlyForDeploymentPostprocessing = 0;
			shellPath = /bin/sh;
			shellScript = "# Run the unit tests in this test bundle.\n\"${SYSTEM_DEVELOPER_DIR}/Tools/RunUnitTests\"\n";
		};
/* End PBXShellScriptBuildPhase section */

/* Begin PBXSourcesBuildPhase section */
		A333A58C16A9A3BD00E334AD /* Sources */ = {
			isa = PBXSourcesBuildPhase;
			buildActionMask = 2147483647;
			files = (
				A333A5FB16A9A59200E334AD /* CGGeometry+Extra.m in Sources */,
				A333A5FF16A9A59200E334AD /* AGMath.m in Sources */,
				A333A60116A9A59200E334AD /* AGQuad.m in Sources */,
				A333A60316A9A59200E334AD /* CALayer+Extensions.m in Sources */,
				A30B0C4116CE859500856E00 /* AGPoint.m in Sources */,
				A3467567184DEB7900AD34EC /* AGVector3D.m in Sources */,
				A30B0C4516CE8DCD00856E00 /* CALayer+AGQuad.m in Sources */,
				A30B0C4E16D2229700856E00 /* CAAnimationBlockDelegate.m in Sources */,
				A3270F1516D5272500A92C03 /* AGLine.m in Sources */,
				A3270F1F16D5642C00A92C03 /* AGCorner.m in Sources */,
				A3270F2416D564D600A92C03 /* NSValue+AGQuad.m in Sources */,
				A3270F3B16D5675800A92C03 /* AGAppDelegate.m in Sources */,
				A3270F3F16D5675800A92C03 /* AGQuadSample.m in Sources */,
				A3270F4B16D5675800A92C03 /* main.m in Sources */,
				A384023C16D568C2000C698B /* UIView+FrameExtra.m in Sources */,
				A346756D184DEC0B00AD34EC /* AGPoint3D.m in Sources */,
				A3EE526916EDEE83007706C6 /* easing.c in Sources */,
				A3EE526F16F07479007706C6 /* AGAngleConverterSample.m in Sources */,
				A3EE52BF16F1C5C6007706C6 /* UIView+AngleConverter.m in Sources */,
				A3EE52C716F3980C007706C6 /* CATransform3D+Extra.m in Sources */,
				A3EE52CB16F72973007706C6 /* UIImage+AGQuad.m in Sources */,
				A3F77D3B16FA3AC700415B24 /* UIBezierPath+AGQuad.m in Sources */,
				A3F77D3F16FA54C400415B24 /* JAValueToString.m in Sources */,
				A3762F301728067A00E7A2AB /* AGQuadControlsSample.m in Sources */,
				A3762F4017285C4200E7A2AB /* UIImage+CATransform3D.m in Sources */,
				A3762F4417285C8100E7A2AB /* CGImageRef+CATransform3D.m in Sources */,
				A3762F4817285D3600E7A2AB /* AGTransformPixelMapper.m in Sources */,
				A3762F59172885FE00E7A2AB /* AGRenderingSample.m in Sources */,
			);
			runOnlyForDeploymentPostprocessing = 0;
		};
		A333A5B816A9A3BD00E334AD /* Sources */ = {
			isa = PBXSourcesBuildPhase;
			buildActionMask = 2147483647;
			files = (
				A333A5FC16A9A59200E334AD /* CGGeometry+Extra.m in Sources */,
				A333A60016A9A59200E334AD /* AGMath.m in Sources */,
				A3467568184DEB7900AD34EC /* AGVector3D.m in Sources */,
				A333A60216A9A59200E334AD /* AGQuad.m in Sources */,
				A333A60416A9A59200E334AD /* CALayer+Extensions.m in Sources */,
				A346756A184DEB7900AD34EC /* AGVector3DTest.m in Sources */,
				A30B0C4216CE859500856E00 /* AGPoint.m in Sources */,
				A30B0C4616CE8DCD00856E00 /* CALayer+AGQuad.m in Sources */,
				A30B0C4816CE8F3900856E00 /* AGQuadTest.m in Sources */,
				A30B0C4F16D2229700856E00 /* CAAnimationBlockDelegate.m in Sources */,
				A3270F1216D5128200A92C03 /* CGGeometry+ExtraTest.m in Sources */,
				A3270F1616D5272500A92C03 /* AGLine.m in Sources */,
				A3270F1716D551E200A92C03 /* AGMathTest.m in Sources */,
				A3270F2016D5642C00A92C03 /* AGCorner.m in Sources */,
				A3270F2516D564D600A92C03 /* NSValue+AGQuad.m in Sources */,
				A3270F3C16D5675800A92C03 /* AGAppDelegate.m in Sources */,
				A3270F4016D5675800A92C03 /* AGQuadSample.m in Sources */,
				A3270F4C16D5675800A92C03 /* main.m in Sources */,
				A3270F5216D5675800A92C03 /* AGQuadTests.m in Sources */,
				A384023916D56829000C698B /* AGCornerTest.m in Sources */,
				A384023D16D568C2000C698B /* UIView+FrameExtra.m in Sources */,
				A3EE526A16EDEE83007706C6 /* easing.c in Sources */,
				A3EE527016F07479007706C6 /* AGAngleConverterSample.m in Sources */,
				A3EE52C016F1C5C6007706C6 /* UIView+AngleConverter.m in Sources */,
				A3EE52C216F1E02A007706C6 /* UIView+FrameExtraTest.m in Sources */,
				A3EE52C416F1E543007706C6 /* UIView+AngleConverterTest.m in Sources */,
				A3EE52C816F3980C007706C6 /* CATransform3D+Extra.m in Sources */,
				A3EE52CC16F72973007706C6 /* UIImage+AGQuad.m in Sources */,
				A346756E184DEC0B00AD34EC /* AGPoint3D.m in Sources */,
				A3F77D3C16FA3AC700415B24 /* UIBezierPath+AGQuad.m in Sources */,
				A3F77D4016FA54C400415B24 /* JAValueToString.m in Sources */,
				A3762F311728067A00E7A2AB /* AGQuadControlsSample.m in Sources */,
				A3762F4117285C4200E7A2AB /* UIImage+CATransform3D.m in Sources */,
				A3762F4517285C8100E7A2AB /* CGImageRef+CATransform3D.m in Sources */,
				A3762F4917285D3600E7A2AB /* AGTransformPixelMapper.m in Sources */,
				A3762F5A172885FE00E7A2AB /* AGRenderingSample.m in Sources */,
				31E89B2F6B59B6ECE6DB78B6 /* NSValue+AGQuadTest.m in Sources */,
			);
			runOnlyForDeploymentPostprocessing = 0;
		};
/* End PBXSourcesBuildPhase section */

/* Begin PBXTargetDependency section */
		A333A5C316A9A3BD00E334AD /* PBXTargetDependency */ = {
			isa = PBXTargetDependency;
			target = A333A58F16A9A3BD00E334AD /* AGGeometryKit */;
			targetProxy = A333A5C216A9A3BD00E334AD /* PBXContainerItemProxy */;
		};
/* End PBXTargetDependency section */

/* Begin PBXVariantGroup section */
		A3270F3116D5675800A92C03 /* InfoPlist.strings */ = {
			isa = PBXVariantGroup;
			children = (
				A3270F3216D5675800A92C03 /* en */,
			);
			name = InfoPlist.strings;
			sourceTree = "<group>";
		};
		A3270F3916D5675800A92C03 /* InfoPlist.strings */ = {
			isa = PBXVariantGroup;
			children = (
				A3270F3A16D5675800A92C03 /* en */,
			);
			name = InfoPlist.strings;
			sourceTree = "<group>";
		};
/* End PBXVariantGroup section */

/* Begin XCBuildConfiguration section */
		A333A5CD16A9A3BD00E334AD /* Debug */ = {
			isa = XCBuildConfiguration;
			buildSettings = {
				ALWAYS_SEARCH_USER_PATHS = NO;
				CLANG_CXX_LANGUAGE_STANDARD = "gnu++0x";
				CLANG_CXX_LIBRARY = "libc++";
				CLANG_ENABLE_OBJC_ARC = YES;
				CLANG_WARN_EMPTY_BODY = YES;
				CLANG_WARN__DUPLICATE_METHOD_MATCH = YES;
				"CODE_SIGN_IDENTITY[sdk=iphoneos*]" = "iPhone Developer";
				COPY_PHASE_STRIP = NO;
				GCC_C_LANGUAGE_STANDARD = gnu99;
				GCC_DYNAMIC_NO_PIC = NO;
				GCC_OPTIMIZATION_LEVEL = 0;
				GCC_PREPROCESSOR_DEFINITIONS = (
					"DEBUG=1",
					"$(inherited)",
				);
				GCC_SYMBOLS_PRIVATE_EXTERN = NO;
				GCC_WARN_ABOUT_RETURN_TYPE = YES;
				GCC_WARN_UNINITIALIZED_AUTOS = YES;
				GCC_WARN_UNUSED_VARIABLE = YES;
				IPHONEOS_DEPLOYMENT_TARGET = 6.0;
				ONLY_ACTIVE_ARCH = YES;
				SDKROOT = iphoneos;
				TARGETED_DEVICE_FAMILY = 2;
			};
			name = Debug;
		};
		A333A5CE16A9A3BD00E334AD /* Release */ = {
			isa = XCBuildConfiguration;
			buildSettings = {
				ALWAYS_SEARCH_USER_PATHS = NO;
				CLANG_CXX_LANGUAGE_STANDARD = "gnu++0x";
				CLANG_CXX_LIBRARY = "libc++";
				CLANG_ENABLE_OBJC_ARC = YES;
				CLANG_WARN_EMPTY_BODY = YES;
				CLANG_WARN__DUPLICATE_METHOD_MATCH = YES;
				"CODE_SIGN_IDENTITY[sdk=iphoneos*]" = "iPhone Developer";
				COPY_PHASE_STRIP = YES;
				GCC_C_LANGUAGE_STANDARD = gnu99;
				GCC_WARN_ABOUT_RETURN_TYPE = YES;
				GCC_WARN_UNINITIALIZED_AUTOS = YES;
				GCC_WARN_UNUSED_VARIABLE = YES;
				IPHONEOS_DEPLOYMENT_TARGET = 6.0;
				OTHER_CFLAGS = "-DNS_BLOCK_ASSERTIONS=1";
				SDKROOT = iphoneos;
				TARGETED_DEVICE_FAMILY = 2;
				VALIDATE_PRODUCT = YES;
			};
			name = Release;
		};
		A333A5D016A9A3BD00E334AD /* Debug */ = {
			isa = XCBuildConfiguration;
			buildSettings = {
				FRAMEWORK_SEARCH_PATHS = (
					"$(inherited)",
					"\"$(SYSTEM_APPS_DIR)/Xcode.app/Contents/Developer/Library/Frameworks\"",
				);
				GCC_PRECOMPILE_PREFIX_HEADER = YES;
				GCC_PREFIX_HEADER = "AGGeometryKit/AGGeometryKit-Prefix.pch";
				INFOPLIST_FILE = "AGGeometryKit/AGGeometryKit-Info.plist";
				IPHONEOS_DEPLOYMENT_TARGET = 5.0;
				PRODUCT_NAME = AGGeometryKit;
				WRAPPER_EXTENSION = app;
			};
			name = Debug;
		};
		A333A5D116A9A3BD00E334AD /* Release */ = {
			isa = XCBuildConfiguration;
			buildSettings = {
				FRAMEWORK_SEARCH_PATHS = (
					"$(inherited)",
					"\"$(SYSTEM_APPS_DIR)/Xcode.app/Contents/Developer/Library/Frameworks\"",
				);
				GCC_PRECOMPILE_PREFIX_HEADER = YES;
				GCC_PREFIX_HEADER = "AGGeometryKit/AGGeometryKit-Prefix.pch";
				INFOPLIST_FILE = "AGGeometryKit/AGGeometryKit-Info.plist";
				IPHONEOS_DEPLOYMENT_TARGET = 5.0;
				PRODUCT_NAME = AGGeometryKit;
				WRAPPER_EXTENSION = app;
			};
			name = Release;
		};
		A333A5D316A9A3BD00E334AD /* Debug */ = {
			isa = XCBuildConfiguration;
			buildSettings = {
				BUNDLE_LOADER = "$(BUILT_PRODUCTS_DIR)/AGGeometryKit.app/AGGeometryKit";
				FRAMEWORK_SEARCH_PATHS = (
					"\"$(SDKROOT)/Developer/Library/Frameworks\"",
					"\"$(DEVELOPER_LIBRARY_DIR)/Frameworks\"",
				);
				GCC_PRECOMPILE_PREFIX_HEADER = YES;
				GCC_PREFIX_HEADER = "AGGeometryKit/AGGeometryKit-Prefix.pch";
				INFOPLIST_FILE = "AGGeometryKitTests/AGGeometryKitTests-Info.plist";
				PRODUCT_NAME = AGGeometryKitTests;
				TEST_HOST = "$(BUNDLE_LOADER)";
				WRAPPER_EXTENSION = octest;
			};
			name = Debug;
		};
		A333A5D416A9A3BD00E334AD /* Release */ = {
			isa = XCBuildConfiguration;
			buildSettings = {
				BUNDLE_LOADER = "$(BUILT_PRODUCTS_DIR)/AGGeometryKit.app/AGGeometryKit";
				FRAMEWORK_SEARCH_PATHS = (
					"\"$(SDKROOT)/Developer/Library/Frameworks\"",
					"\"$(DEVELOPER_LIBRARY_DIR)/Frameworks\"",
				);
				GCC_PRECOMPILE_PREFIX_HEADER = YES;
				GCC_PREFIX_HEADER = "AGGeometryKit/AGGeometryKit-Prefix.pch";
				INFOPLIST_FILE = "AGGeometryKitTests/AGGeometryKitTests-Info.plist";
				PRODUCT_NAME = AGGeometryKitTests;
				TEST_HOST = "$(BUNDLE_LOADER)";
				WRAPPER_EXTENSION = octest;
			};
			name = Release;
		};
/* End XCBuildConfiguration section */

/* Begin XCConfigurationList section */
		A333A58A16A9A3BD00E334AD /* Build configuration list for PBXProject "AGGeometryKit" */ = {
			isa = XCConfigurationList;
			buildConfigurations = (
				A333A5CD16A9A3BD00E334AD /* Debug */,
				A333A5CE16A9A3BD00E334AD /* Release */,
			);
			defaultConfigurationIsVisible = 0;
			defaultConfigurationName = Release;
		};
		A333A5CF16A9A3BD00E334AD /* Build configuration list for PBXNativeTarget "AGGeometryKit" */ = {
			isa = XCConfigurationList;
			buildConfigurations = (
				A333A5D016A9A3BD00E334AD /* Debug */,
				A333A5D116A9A3BD00E334AD /* Release */,
			);
			defaultConfigurationIsVisible = 0;
			defaultConfigurationName = Release;
		};
		A333A5D216A9A3BD00E334AD /* Build configuration list for PBXNativeTarget "AGGeometryKitTests" */ = {
			isa = XCConfigurationList;
			buildConfigurations = (
				A333A5D316A9A3BD00E334AD /* Debug */,
				A333A5D416A9A3BD00E334AD /* Release */,
			);
			defaultConfigurationIsVisible = 0;
			defaultConfigurationName = Release;
		};
/* End XCConfigurationList section */
	};
	rootObject = A333A58716A9A3BD00E334AD /* Project object */;
}
